
Microsoft Visual Studio Solution File, Format Version 12.00
# Visual Studio 14
VisualStudioVersion = 14.0.25420.1
MinimumVisualStudioVersion = 10.0.40219.1
Project("{FAE04EC0-301F-11D3-BF4B-00C04F79EFBC}") = "KerbalVisualEnhancements", "Sources\KerbalVisualEnhancements.csproj", "{8DF6A385-18E6-4E76-A060-4C3847CA3046}"
EndProject
Global
	GlobalSection(SolutionConfigurationPlatforms) = preSolution
		KerbalVisualEnhancements|Any CPU = KerbalVisualEnhancements|Any CPU
	EndGlobalSection
	GlobalSection(ProjectConfigurationPlatforms) = postSolution
		{8DF6A385-18E6-4E76-A060-4C3847CA3046}.KerbalVisualEnhancements|Any CPU.ActiveCfg = KerbalVisualEnhancements|Any CPU
		{8DF6A385-18E6-4E76-A060-4C3847CA3046}.KerbalVisualEnhancements|Any CPU.Build.0 = KerbalVisualEnhancements|Any CPU
	EndGlobalSection
	GlobalSection(SolutionProperties) = preSolution
		HideSolutionNode = FALSE
	EndGlobalSection
EndGlobal
